// !$*UTF8*$!
{
	archiveVersion = 1;
	classes = {
	};
	objectVersion = 46;
	objects = {

/* Begin PBXBuildFile section */
		DC8B3B22A5414B82D26C6C1D /* Pods_PinchTest_iOS.framework in Frameworks */ = {isa = PBXBuildFile; fileRef = 9992CEF057AD27F03DC261E5 /* Pods_PinchTest_iOS.framework */; };
		DD4A24641EFA24BF00455C3F /* GoogleService-Info.plist in Resources */ = {isa = PBXBuildFile; fileRef = DD4A24631EFA24BF00455C3F /* GoogleService-Info.plist */; };
		DD4A246D1EFA2F0100455C3F /* GIDSignInButton.xib in Resources */ = {isa = PBXBuildFile; fileRef = DD4A246C1EFA2F0100455C3F /* GIDSignInButton.xib */; };
		DDC3A5551EFA1DA0003A6B38 /* AppDelegate.swift in Sources */ = {isa = PBXBuildFile; fileRef = DDC3A5541EFA1DA0003A6B38 /* AppDelegate.swift */; };
		DDC3A5571EFA1DA0003A6B38 /* ViewController.swift in Sources */ = {isa = PBXBuildFile; fileRef = DDC3A5561EFA1DA0003A6B38 /* ViewController.swift */; };
		DDC3A55A1EFA1DA0003A6B38 /* Main.storyboard in Resources */ = {isa = PBXBuildFile; fileRef = DDC3A5581EFA1DA0003A6B38 /* Main.storyboard */; };
		DDC3A55D1EFA1DA0003A6B38 /* PinchTest_iOS.xcdatamodeld in Sources */ = {isa = PBXBuildFile; fileRef = DDC3A55B1EFA1DA0003A6B38 /* PinchTest_iOS.xcdatamodeld */; };
		DDC3A55F1EFA1DA0003A6B38 /* Assets.xcassets in Resources */ = {isa = PBXBuildFile; fileRef = DDC3A55E1EFA1DA0003A6B38 /* Assets.xcassets */; };
		DDC3A5621EFA1DA0003A6B38 /* LaunchScreen.storyboard in Resources */ = {isa = PBXBuildFile; fileRef = DDC3A5601EFA1DA0003A6B38 /* LaunchScreen.storyboard */; };
/* End PBXBuildFile section */

/* Begin PBXFileReference section */
		1968BA4FC38C7C8163CCF36E /* Pods-PinchTest_iOS.release.xcconfig */ = {isa = PBXFileReference; includeInIndex = 1; lastKnownFileType = text.xcconfig; name = "Pods-PinchTest_iOS.release.xcconfig"; path = "Pods/Target Support Files/Pods-PinchTest_iOS/Pods-PinchTest_iOS.release.xcconfig"; sourceTree = "<group>"; };
		2E1D1FE0BB30C956D2873559 /* Pods-PinchTest_iOS.debug.xcconfig */ = {isa = PBXFileReference; includeInIndex = 1; lastKnownFileType = text.xcconfig; name = "Pods-PinchTest_iOS.debug.xcconfig"; path = "Pods/Target Support Files/Pods-PinchTest_iOS/Pods-PinchTest_iOS.debug.xcconfig"; sourceTree = "<group>"; };
		9992CEF057AD27F03DC261E5 /* Pods_PinchTest_iOS.framework */ = {isa = PBXFileReference; explicitFileType = wrapper.framework; includeInIndex = 0; path = Pods_PinchTest_iOS.framework; sourceTree = BUILT_PRODUCTS_DIR; };
		DD4A24631EFA24BF00455C3F /* GoogleService-Info.plist */ = {isa = PBXFileReference; fileEncoding = 4; lastKnownFileType = text.plist.xml; name = "GoogleService-Info.plist"; path = "../../../../../Downloads/GoogleService-Info.plist"; sourceTree = "<group>"; };
		DD4A246B1EFA2BD700455C3F /* PinchTest_iOS-Bridging-Header.h */ = {isa = PBXFileReference; fileEncoding = 4; lastKnownFileType = sourcecode.c.h; path = "PinchTest_iOS-Bridging-Header.h"; sourceTree = "<group>"; };
		DD4A246C1EFA2F0100455C3F /* GIDSignInButton.xib */ = {isa = PBXFileReference; fileEncoding = 4; lastKnownFileType = file.xib; path = GIDSignInButton.xib; sourceTree = "<group>"; };
		DDC3A5511EFA1D9F003A6B38 /* PinchTest_iOS.app */ = {isa = PBXFileReference; explicitFileType = wrapper.application; includeInIndex = 0; path = PinchTest_iOS.app; sourceTree = BUILT_PRODUCTS_DIR; };
		DDC3A5541EFA1DA0003A6B38 /* AppDelegate.swift */ = {isa = PBXFileReference; lastKnownFileType = sourcecode.swift; path = AppDelegate.swift; sourceTree = "<group>"; };
		DDC3A5561EFA1DA0003A6B38 /* ViewController.swift */ = {isa = PBXFileReference; lastKnownFileType = sourcecode.swift; path = ViewController.swift; sourceTree = "<group>"; };
		DDC3A5591EFA1DA0003A6B38 /* Base */ = {isa = PBXFileReference; lastKnownFileType = file.storyboard; name = Base; path = Base.lproj/Main.storyboard; sourceTree = "<group>"; };
		DDC3A55C1EFA1DA0003A6B38 /* PinchTest_iOS.xcdatamodel */ = {isa = PBXFileReference; lastKnownFileType = wrapper.xcdatamodel; path = PinchTest_iOS.xcdatamodel; sourceTree = "<group>"; };
		DDC3A55E1EFA1DA0003A6B38 /* Assets.xcassets */ = {isa = PBXFileReference; lastKnownFileType = folder.assetcatalog; path = Assets.xcassets; sourceTree = "<group>"; };
		DDC3A5611EFA1DA0003A6B38 /* Base */ = {isa = PBXFileReference; lastKnownFileType = file.storyboard; name = Base; path = Base.lproj/LaunchScreen.storyboard; sourceTree = "<group>"; };
		DDC3A5631EFA1DA0003A6B38 /* Info.plist */ = {isa = PBXFileReference; lastKnownFileType = text.plist.xml; path = Info.plist; sourceTree = "<group>"; };
/* End PBXFileReference section */

/* Begin PBXFrameworksBuildPhase section */
		DDC3A54E1EFA1D9F003A6B38 /* Frameworks */ = {
			isa = PBXFrameworksBuildPhase;
			buildActionMask = 2147483647;
			files = (
				DC8B3B22A5414B82D26C6C1D /* Pods_PinchTest_iOS.framework in Frameworks */,
			);
			runOnlyForDeploymentPostprocessing = 0;
		};
/* End PBXFrameworksBuildPhase section */

/* Begin PBXGroup section */
		5BCEC83CB75597114034A5D0 /* Pods */ = {
			isa = PBXGroup;
			children = (
				2E1D1FE0BB30C956D2873559 /* Pods-PinchTest_iOS.debug.xcconfig */,
				1968BA4FC38C7C8163CCF36E /* Pods-PinchTest_iOS.release.xcconfig */,
			);
			name = Pods;
			sourceTree = "<group>";
		};
		85F15D7D85F078008537214C /* Frameworks */ = {
			isa = PBXGroup;
			children = (
				9992CEF057AD27F03DC261E5 /* Pods_PinchTest_iOS.framework */,
			);
			name = Frameworks;
			sourceTree = "<group>";
		};
		DDC3A5481EFA1D9F003A6B38 = {
			isa = PBXGroup;
			children = (
				DD4A246C1EFA2F0100455C3F /* GIDSignInButton.xib */,
				DD4A246B1EFA2BD700455C3F /* PinchTest_iOS-Bridging-Header.h */,
				DD4A24631EFA24BF00455C3F /* GoogleService-Info.plist */,
				DDC3A5531EFA1DA0003A6B38 /* PinchTest_iOS */,
				DDC3A5521EFA1D9F003A6B38 /* Products */,
				5BCEC83CB75597114034A5D0 /* Pods */,
				85F15D7D85F078008537214C /* Frameworks */,
			);
			sourceTree = "<group>";
		};
		DDC3A5521EFA1D9F003A6B38 /* Products */ = {
			isa = PBXGroup;
			children = (
				DDC3A5511EFA1D9F003A6B38 /* PinchTest_iOS.app */,
			);
			name = Products;
			sourceTree = "<group>";
		};
		DDC3A5531EFA1DA0003A6B38 /* PinchTest_iOS */ = {
			isa = PBXGroup;
			children = (
				DDC3A5541EFA1DA0003A6B38 /* AppDelegate.swift */,
				DDC3A5561EFA1DA0003A6B38 /* ViewController.swift */,
				DDC3A5581EFA1DA0003A6B38 /* Main.storyboard */,
				DDC3A55E1EFA1DA0003A6B38 /* Assets.xcassets */,
				DDC3A5601EFA1DA0003A6B38 /* LaunchScreen.storyboard */,
				DDC3A5631EFA1DA0003A6B38 /* Info.plist */,
				DDC3A55B1EFA1DA0003A6B38 /* PinchTest_iOS.xcdatamodeld */,
			);
			path = PinchTest_iOS;
			sourceTree = "<group>";
		};
/* End PBXGroup section */

/* Begin PBXNativeTarget section */
		DDC3A5501EFA1D9F003A6B38 /* PinchTest_iOS */ = {
			isa = PBXNativeTarget;
			buildConfigurationList = DDC3A5661EFA1DA0003A6B38 /* Build configuration list for PBXNativeTarget "PinchTest_iOS" */;
			buildPhases = (
				F17F8D436CF11D95D7D9C97D /* [CP] Check Pods Manifest.lock */,
				DDC3A54D1EFA1D9F003A6B38 /* Sources */,
				DDC3A54E1EFA1D9F003A6B38 /* Frameworks */,
				DDC3A54F1EFA1D9F003A6B38 /* Resources */,
				8F35DE99B0A155FBD78CC621 /* [CP] Embed Pods Frameworks */,
				22E3EFFE39ECC9F723A297A5 /* [CP] Copy Pods Resources */,
			);
			buildRules = (
			);
			dependencies = (
			);
			name = PinchTest_iOS;
			productName = PinchTest_iOS;
			productReference = DDC3A5511EFA1D9F003A6B38 /* PinchTest_iOS.app */;
			productType = "com.apple.product-type.application";
		};
/* End PBXNativeTarget section */

/* Begin PBXProject section */
		DDC3A5491EFA1D9F003A6B38 /* Project object */ = {
			isa = PBXProject;
			attributes = {
				LastSwiftUpdateCheck = 0730;
				LastUpgradeCheck = 0730;
				ORGANIZATIONNAME = "Vis Vires";
				TargetAttributes = {
					DDC3A5501EFA1D9F003A6B38 = {
						CreatedOnToolsVersion = 7.3.1;
					};
				};
			};
			buildConfigurationList = DDC3A54C1EFA1D9F003A6B38 /* Build configuration list for PBXProject "PinchTest_iOS" */;
			compatibilityVersion = "Xcode 3.2";
			developmentRegion = English;
			hasScannedForEncodings = 0;
			knownRegions = (
				en,
				Base,
			);
			mainGroup = DDC3A5481EFA1D9F003A6B38;
			productRefGroup = DDC3A5521EFA1D9F003A6B38 /* Products */;
			projectDirPath = "";
			projectRoot = "";
			targets = (
				DDC3A5501EFA1D9F003A6B38 /* PinchTest_iOS */,
			);
		};
/* End PBXProject section */

/* Begin PBXResourcesBuildPhase section */
		DDC3A54F1EFA1D9F003A6B38 /* Resources */ = {
			isa = PBXResourcesBuildPhase;
			buildActionMask = 2147483647;
			files = (
				DDC3A5621EFA1DA0003A6B38 /* LaunchScreen.storyboard in Resources */,
				DD4A24641EFA24BF00455C3F /* GoogleService-Info.plist in Resources */,
				DDC3A55F1EFA1DA0003A6B38 /* Assets.xcassets in Resources */,
				DD4A246D1EFA2F0100455C3F /* GIDSignInButton.xib in Resources */,
				DDC3A55A1EFA1DA0003A6B38 /* Main.storyboard in Resources */,
			);
			runOnlyForDeploymentPostprocessing = 0;
		};
/* End PBXResourcesBuildPhase section */

/* Begin PBXShellScriptBuildPhase section */
		22E3EFFE39ECC9F723A297A5 /* [CP] Copy Pods Resources */ = {
			isa = PBXShellScriptBuildPhase;
			buildActionMask = 2147483647;
			files = (
			);
			inputPaths = (
			);
			name = "[CP] Copy Pods Resources";
			outputPaths = (
			);
			runOnlyForDeploymentPostprocessing = 0;
			shellPath = /bin/sh;
			shellScript = "\"${SRCROOT}/Pods/Target Support Files/Pods-PinchTest_iOS/Pods-PinchTest_iOS-resources.sh\"\n";
			showEnvVarsInLog = 0;
		};
		8F35DE99B0A155FBD78CC621 /* [CP] Embed Pods Frameworks */ = {
			isa = PBXShellScriptBuildPhase;
			buildActionMask = 2147483647;
			files = (
			);
			inputPaths = (
			);
			name = "[CP] Embed Pods Frameworks";
			outputPaths = (
			);
			runOnlyForDeploymentPostprocessing = 0;
			shellPath = /bin/sh;
			shellScript = "\"${SRCROOT}/Pods/Target Support Files/Pods-PinchTest_iOS/Pods-PinchTest_iOS-frameworks.sh\"\n";
			showEnvVarsInLog = 0;
		};
		F17F8D436CF11D95D7D9C97D /* [CP] Check Pods Manifest.lock */ = {
			isa = PBXShellScriptBuildPhase;
			buildActionMask = 2147483647;
			files = (
			);
			inputPaths = (
			);
			name = "[CP] Check Pods Manifest.lock";
			outputPaths = (
			);
			runOnlyForDeploymentPostprocessing = 0;
			shellPath = /bin/sh;
			shellScript = "diff \"${PODS_PODFILE_DIR_PATH}/Podfile.lock\" \"${PODS_ROOT}/Manifest.lock\" > /dev/null\nif [ $? != 0 ] ; then\n    # print error to STDERR\n    echo \"error: The sandbox is not in sync with the Podfile.lock. Run 'pod install' or update your CocoaPods installation.\" >&2\n    exit 1\nfi\n";
			showEnvVarsInLog = 0;
		};
/* End PBXShellScriptBuildPhase section */

/* Begin PBXSourcesBuildPhase section */
		DDC3A54D1EFA1D9F003A6B38 /* Sources */ = {
			isa = PBXSourcesBuildPhase;
			buildActionMask = 2147483647;
			files = (
				DDC3A55D1EFA1DA0003A6B38 /* PinchTest_iOS.xcdatamodeld in Sources */,
				DDC3A5571EFA1DA0003A6B38 /* ViewController.swift in Sources */,
				DDC3A5551EFA1DA0003A6B38 /* AppDelegate.swift in Sources */,
			);
			runOnlyForDeploymentPostprocessing = 0;
		};
/* End PBXSourcesBuildPhase section */

/* Begin PBXVariantGroup section */
		DDC3A5581EFA1DA0003A6B38 /* Main.storyboard */ = {
			isa = PBXVariantGroup;
			children = (
				DDC3A5591EFA1DA0003A6B38 /* Base */,
			);
			name = Main.storyboard;
			sourceTree = "<group>";
		};
		DDC3A5601EFA1DA0003A6B38 /* LaunchScreen.storyboard */ = {
			isa = PBXVariantGroup;
			children = (
				DDC3A5611EFA1DA0003A6B38 /* Base */,
			);
			name = LaunchScreen.storyboard;
			sourceTree = "<group>";
		};
/* End PBXVariantGroup section */

/* Begin XCBuildConfiguration section */
		DDC3A5641EFA1DA0003A6B38 /* Debug */ = {
			isa = XCBuildConfiguration;
			buildSettings = {
				ALWAYS_SEARCH_USER_PATHS = NO;
				CLANG_ANALYZER_NONNULL = YES;
				CLANG_CXX_LANGUAGE_STANDARD = "gnu++0x";
				CLANG_CXX_LIBRARY = "libc++";
				CLANG_ENABLE_MODULES = YES;
				CLANG_ENABLE_OBJC_ARC = YES;
				CLANG_WARN_BOOL_CONVERSION = YES;
				CLANG_WARN_CONSTANT_CONVERSION = YES;
				CLANG_WARN_DIRECT_OBJC_ISA_USAGE = YES_ERROR;
				CLANG_WARN_EMPTY_BODY = YES;
				CLANG_WARN_ENUM_CONVERSION = YES;
				CLANG_WARN_INT_CONVERSION = YES;
				CLANG_WARN_OBJC_ROOT_CLASS = YES_ERROR;
				CLANG_WARN_UNREACHABLE_CODE = YES;
				CLANG_WARN__DUPLICATE_METHOD_MATCH = YES;
				"CODE_SIGN_IDENTITY[sdk=iphoneos*]" = "iPhone Developer";
				COPY_PHASE_STRIP = NO;
				DEBUG_INFORMATION_FORMAT = dwarf;
				ENABLE_STRICT_OBJC_MSGSEND = YES;
				ENABLE_TESTABILITY = YES;
				GCC_C_LANGUAGE_STANDARD = gnu99;
				GCC_DYNAMIC_NO_PIC = NO;
				GCC_NO_COMMON_BLOCKS = YES;
				GCC_OPTIMIZATION_LEVEL = 0;
				GCC_PREPROCESSOR_DEFINITIONS = (
					"DEBUG=1",
					"$(inherited)",
				);
				GCC_WARN_64_TO_32_BIT_CONVERSION = YES;
				GCC_WARN_ABOUT_RETURN_TYPE = YES_ERROR;
				GCC_WARN_UNDECLARED_SELECTOR = YES;
				GCC_WARN_UNINITIALIZED_AUTOS = YES_AGGRESSIVE;
				GCC_WARN_UNUSED_FUNCTION = YES;
				GCC_WARN_UNUSED_VARIABLE = YES;
				IPHONEOS_DEPLOYMENT_TARGET = 9.3;
				MTL_ENABLE_DEBUG_INFO = YES;
				ONLY_ACTIVE_ARCH = YES;
				SDKROOT = iphoneos;
				SWIFT_OPTIMIZATION_LEVEL = "-Onone";
				TARGETED_DEVICE_FAMILY = "1,2";
			};
			name = Debug;
		};
		DDC3A5651EFA1DA0003A6B38 /* Release */ = {
			isa = XCBuildConfiguration;
			buildSettings = {
				ALWAYS_SEARCH_USER_PATHS = NO;
				CLANG_ANALYZER_NONNULL = YES;
				CLANG_CXX_LANGUAGE_STANDARD = "gnu++0x";
				CLANG_CXX_LIBRARY = "libc++";
				CLANG_ENABLE_MODULES = YES;
				CLANG_ENABLE_OBJC_ARC = YES;
				CLANG_WARN_BOOL_CONVERSION = YES;
				CLANG_WARN_CONSTANT_CONVERSION = YES;
				CLANG_WARN_DIRECT_OBJC_ISA_USAGE = YES_ERROR;
				CLANG_WARN_EMPTY_BODY = YES;
				CLANG_WARN_ENUM_CONVERSION = YES;
				CLANG_WARN_INT_CONVERSION = YES;
				CLANG_WARN_OBJC_ROOT_CLASS = YES_ERROR;
				CLANG_WARN_UNREACHABLE_CODE = YES;
				CLANG_WARN__DUPLICATE_METHOD_MATCH = YES;
				"CODE_SIGN_IDENTITY[sdk=iphoneos*]" = "iPhone Developer";
				COPY_PHASE_STRIP = NO;
				DEBUG_INFORMATION_FORMAT = "dwarf-with-dsym";
				ENABLE_NS_ASSERTIONS = NO;
				ENABLE_STRICT_OBJC_MSGSEND = YES;
				GCC_C_LANGUAGE_STANDARD = gnu99;
				GCC_NO_COMMON_BLOCKS = YES;
				GCC_WARN_64_TO_32_BIT_CONVERSION = YES;
				GCC_WARN_ABOUT_RETURN_TYPE = YES_ERROR;
				GCC_WARN_UNDECLARED_SELECTOR = YES;
				GCC_WARN_UNINITIALIZED_AUTOS = YES_AGGRESSIVE;
				GCC_WARN_UNUSED_FUNCTION = YES;
				GCC_WARN_UNUSED_VARIABLE = YES;
				IPHONEOS_DEPLOYMENT_TARGET = 9.3;
				MTL_ENABLE_DEBUG_INFO = NO;
				SDKROOT = iphoneos;
				TARGETED_DEVICE_FAMILY = "1,2";
				VALIDATE_PRODUCT = YES;
			};
			name = Release;
		};
		DDC3A5671EFA1DA0003A6B38 /* Debug */ = {
			isa = XCBuildConfiguration;
			baseConfigurationReference = 2E1D1FE0BB30C956D2873559 /* Pods-PinchTest_iOS.debug.xcconfig */;
			buildSettings = {
				ASSETCATALOG_COMPILER_APPICON_NAME = AppIcon;
				CLANG_ENABLE_MODULES = YES;
				INFOPLIST_FILE = PinchTest_iOS/Info.plist;
				LD_RUNPATH_SEARCH_PATHS = "$(inherited) @executable_path/Frameworks";
				PRODUCT_BUNDLE_IDENTIFIER = "com.visvires.georgew.PinchTest-iOS";
				PRODUCT_NAME = "$(TARGET_NAME)";
				SWIFT_OBJC_BRIDGING_HEADER = "PinchTest_iOS-Bridging-Header.h";
				SWIFT_OPTIMIZATION_LEVEL = "-Onone";
			};
			name = Debug;
		};
		DDC3A5681EFA1DA0003A6B38 /* Release */ = {
			isa = XCBuildConfiguration;
			baseConfigurationReference = 1968BA4FC38C7C8163CCF36E /* Pods-PinchTest_iOS.release.xcconfig */;
			buildSettings = {
				ASSETCATALOG_COMPILER_APPICON_NAME = AppIcon;
				CLANG_ENABLE_MODULES = YES;
				INFOPLIST_FILE = PinchTest_iOS/Info.plist;
				LD_RUNPATH_SEARCH_PATHS = "$(inherited) @executable_path/Frameworks";
				PRODUCT_BUNDLE_IDENTIFIER = "com.visvires.georgew.PinchTest-iOS";
				PRODUCT_NAME = "$(TARGET_NAME)";
				SWIFT_OBJC_BRIDGING_HEADER = "PinchTest_iOS-Bridging-Header.h";
			};
			name = Release;
		};
/* End XCBuildConfiguration section */

/* Begin XCConfigurationList section */
		DDC3A54C1EFA1D9F003A6B38 /* Build configuration list for PBXProject "PinchTest_iOS" */ = {
			isa = XCConfigurationList;
			buildConfigurations = (
				DDC3A5641EFA1DA0003A6B38 /* Debug */,
				DDC3A5651EFA1DA0003A6B38 /* Release */,
			);
			defaultConfigurationIsVisible = 0;
			defaultConfigurationName = Release;
		};
		DDC3A5661EFA1DA0003A6B38 /* Build configuration list for PBXNativeTarget "PinchTest_iOS" */ = {
			isa = XCConfigurationList;
			buildConfigurations = (
				DDC3A5671EFA1DA0003A6B38 /* Debug */,
				DDC3A5681EFA1DA0003A6B38 /* Release */,
			);
			defaultConfigurationIsVisible = 0;
			defaultConfigurationName = Release;
		};
/* End XCConfigurationList section */

/* Begin XCVersionGroup section */
		DDC3A55B1EFA1DA0003A6B38 /* PinchTest_iOS.xcdatamodeld */ = {
			isa = XCVersionGroup;
			children = (
				DDC3A55C1EFA1DA0003A6B38 /* PinchTest_iOS.xcdatamodel */,
			);
			currentVersion = DDC3A55C1EFA1DA0003A6B38 /* PinchTest_iOS.xcdatamodel */;
			path = PinchTest_iOS.xcdatamodeld;
			sourceTree = "<group>";
			versionGroupType = wrapper.xcdatamodel;
		};
/* End XCVersionGroup section */
	};
	rootObject = DDC3A5491EFA1D9F003A6B38 /* Project object */;
}
