// !$*UTF8*$!
{
	archiveVersion = 1;
	classes = {
	};
	objectVersion = 46;
	objects = {

/* Begin PBXBuildFile section */
		DD2FF1321F2FE3B70083C8CC /* AppDelegate.swift in Sources */ = {isa = PBXBuildFile; fileRef = DD2FF1311F2FE3B70083C8CC /* AppDelegate.swift */; };
		DD2FF1341F2FE3B70083C8CC /* ViewController.swift in Sources */ = {isa = PBXBuildFile; fileRef = DD2FF1331F2FE3B70083C8CC /* ViewController.swift */; };
		DD2FF1371F2FE3B70083C8CC /* Main.storyboard in Resources */ = {isa = PBXBuildFile; fileRef = DD2FF1351F2FE3B70083C8CC /* Main.storyboard */; };
		DD2FF1391F2FE3B70083C8CC /* Assets.xcassets in Resources */ = {isa = PBXBuildFile; fileRef = DD2FF1381F2FE3B70083C8CC /* Assets.xcassets */; };
		DD2FF13C1F2FE3B70083C8CC /* LaunchScreen.storyboard in Resources */ = {isa = PBXBuildFile; fileRef = DD2FF13A1F2FE3B70083C8CC /* LaunchScreen.storyboard */; };
		DD2FF1451F2FE48F0083C8CC /* FaceView.swift in Sources */ = {isa = PBXBuildFile; fileRef = DD2FF1441F2FE48F0083C8CC /* FaceView.swift */; };
		DD7364481F30273500BD31D5 /* FacialExpression.swift in Sources */ = {isa = PBXBuildFile; fileRef = DD7364471F30273500BD31D5 /* FacialExpression.swift */; };
/* End PBXBuildFile section */

/* Begin PBXFileReference section */
		DD2FF12E1F2FE3B70083C8CC /* faceIt.app */ = {isa = PBXFileReference; explicitFileType = wrapper.application; includeInIndex = 0; path = faceIt.app; sourceTree = BUILT_PRODUCTS_DIR; };
		DD2FF1311F2FE3B70083C8CC /* AppDelegate.swift */ = {isa = PBXFileReference; lastKnownFileType = sourcecode.swift; path = AppDelegate.swift; sourceTree = "<group>"; };
		DD2FF1331F2FE3B70083C8CC /* ViewController.swift */ = {isa = PBXFileReference; lastKnownFileType = sourcecode.swift; path = ViewController.swift; sourceTree = "<group>"; };
		DD2FF1361F2FE3B70083C8CC /* Base */ = {isa = PBXFileReference; lastKnownFileType = file.storyboard; name = Base; path = Base.lproj/Main.storyboard; sourceTree = "<group>"; };
		DD2FF1381F2FE3B70083C8CC /* Assets.xcassets */ = {isa = PBXFileReference; lastKnownFileType = folder.assetcatalog; path = Assets.xcassets; sourceTree = "<group>"; };
		DD2FF13B1F2FE3B70083C8CC /* Base */ = {isa = PBXFileReference; lastKnownFileType = file.storyboard; name = Base; path = Base.lproj/LaunchScreen.storyboard; sourceTree = "<group>"; };
		DD2FF13D1F2FE3B70083C8CC /* Info.plist */ = {isa = PBXFileReference; lastKnownFileType = text.plist.xml; path = Info.plist; sourceTree = "<group>"; };
		DD2FF1441F2FE48F0083C8CC /* FaceView.swift */ = {isa = PBXFileReference; fileEncoding = 4; lastKnownFileType = sourcecode.swift; path = FaceView.swift; sourceTree = "<group>"; };
		DD7364471F30273500BD31D5 /* FacialExpression.swift */ = {isa = PBXFileReference; fileEncoding = 4; lastKnownFileType = sourcecode.swift; path = FacialExpression.swift; sourceTree = "<group>"; };
/* End PBXFileReference section */

/* Begin PBXFrameworksBuildPhase section */
		DD2FF12B1F2FE3B70083C8CC /* Frameworks */ = {
			isa = PBXFrameworksBuildPhase;
			buildActionMask = 2147483647;
			files = (
			);
			runOnlyForDeploymentPostprocessing = 0;
		};
/* End PBXFrameworksBuildPhase section */

/* Begin PBXGroup section */
		DD2FF1251F2FE3B70083C8CC = {
			isa = PBXGroup;
			children = (
				DD2FF1301F2FE3B70083C8CC /* faceIt */,
				DD2FF12F1F2FE3B70083C8CC /* Products */,
			);
			sourceTree = "<group>";
		};
		DD2FF12F1F2FE3B70083C8CC /* Products */ = {
			isa = PBXGroup;
			children = (
				DD2FF12E1F2FE3B70083C8CC /* faceIt.app */,
			);
			name = Products;
			sourceTree = "<group>";
		};
		DD2FF1301F2FE3B70083C8CC /* faceIt */ = {
			isa = PBXGroup;
			children = (
				DD2FF1331F2FE3B70083C8CC /* ViewController.swift */,
				DD2FF1441F2FE48F0083C8CC /* FaceView.swift */,
				DD2FF1351F2FE3B70083C8CC /* Main.storyboard */,
				DD7364471F30273500BD31D5 /* FacialExpression.swift */,
				DD2FF1431F2FE4000083C8CC /* SupportingFiles */,
			);
			path = faceIt;
			sourceTree = "<group>";
		};
		DD2FF1431F2FE4000083C8CC /* SupportingFiles */ = {
			isa = PBXGroup;
			children = (
				DD2FF1311F2FE3B70083C8CC /* AppDelegate.swift */,
				DD2FF1381F2FE3B70083C8CC /* Assets.xcassets */,
				DD2FF13A1F2FE3B70083C8CC /* LaunchScreen.storyboard */,
				DD2FF13D1F2FE3B70083C8CC /* Info.plist */,
			);
			name = SupportingFiles;
			sourceTree = "<group>";
		};
/* End PBXGroup section */

/* Begin PBXNativeTarget section */
		DD2FF12D1F2FE3B70083C8CC /* faceIt */ = {
			isa = PBXNativeTarget;
			buildConfigurationList = DD2FF1401F2FE3B70083C8CC /* Build configuration list for PBXNativeTarget "faceIt" */;
			buildPhases = (
				DD2FF12A1F2FE3B70083C8CC /* Sources */,
				DD2FF12B1F2FE3B70083C8CC /* Frameworks */,
				DD2FF12C1F2FE3B70083C8CC /* Resources */,
			);
			buildRules = (
			);
			dependencies = (
			);
			name = faceIt;
			productName = faceIt;
			productReference = DD2FF12E1F2FE3B70083C8CC /* faceIt.app */;
			productType = "com.apple.product-type.application";
		};
/* End PBXNativeTarget section */

/* Begin PBXProject section */
		DD2FF1261F2FE3B70083C8CC /* Project object */ = {
			isa = PBXProject;
			attributes = {
				LastSwiftUpdateCheck = 0730;
				LastUpgradeCheck = 0730;
				ORGANIZATIONNAME = "Vis Vires";
				TargetAttributes = {
					DD2FF12D1F2FE3B70083C8CC = {
						CreatedOnToolsVersion = 7.3.1;
					};
				};
			};
			buildConfigurationList = DD2FF1291F2FE3B70083C8CC /* Build configuration list for PBXProject "faceIt" */;
			compatibilityVersion = "Xcode 3.2";
			developmentRegion = English;
			hasScannedForEncodings = 0;
			knownRegions = (
				en,
				Base,
			);
			mainGroup = DD2FF1251F2FE3B70083C8CC;
			productRefGroup = DD2FF12F1F2FE3B70083C8CC /* Products */;
			projectDirPath = "";
			projectRoot = "";
			targets = (
				DD2FF12D1F2FE3B70083C8CC /* faceIt */,
			);
		};
/* End PBXProject section */

/* Begin PBXResourcesBuildPhase section */
		DD2FF12C1F2FE3B70083C8CC /* Resources */ = {
			isa = PBXResourcesBuildPhase;
			buildActionMask = 2147483647;
			files = (
				DD2FF13C1F2FE3B70083C8CC /* LaunchScreen.storyboard in Resources */,
				DD2FF1391F2FE3B70083C8CC /* Assets.xcassets in Resources */,
				DD2FF1371F2FE3B70083C8CC /* Main.storyboard in Resources */,
			);
			runOnlyForDeploymentPostprocessing = 0;
		};
/* End PBXResourcesBuildPhase section */

/* Begin PBXSourcesBuildPhase section */
		DD2FF12A1F2FE3B70083C8CC /* Sources */ = {
			isa = PBXSourcesBuildPhase;
			buildActionMask = 2147483647;
			files = (
				DD2FF1341F2FE3B70083C8CC /* ViewController.swift in Sources */,
				DD7364481F30273500BD31D5 /* FacialExpression.swift in Sources */,
				DD2FF1321F2FE3B70083C8CC /* AppDelegate.swift in Sources */,
				DD2FF1451F2FE48F0083C8CC /* FaceView.swift in Sources */,
			);
			runOnlyForDeploymentPostprocessing = 0;
		};
/* End PBXSourcesBuildPhase section */

/* Begin PBXVariantGroup section */
		DD2FF1351F2FE3B70083C8CC /* Main.storyboard */ = {
			isa = PBXVariantGroup;
			children = (
				DD2FF1361F2FE3B70083C8CC /* Base */,
			);
			name = Main.storyboard;
			sourceTree = "<group>";
		};
		DD2FF13A1F2FE3B70083C8CC /* LaunchScreen.storyboard */ = {
			isa = PBXVariantGroup;
			children = (
				DD2FF13B1F2FE3B70083C8CC /* Base */,
			);
			name = LaunchScreen.storyboard;
			sourceTree = "<group>";
		};
/* End PBXVariantGroup section */

/* Begin XCBuildConfiguration section */
		DD2FF13E1F2FE3B70083C8CC /* Debug */ = {
			isa = XCBuildConfiguration;
			buildSettings = {
				ALWAYS_SEARCH_USER_PATHS = NO;
				CLANG_ANALYZER_NONNULL = YES;
				CLANG_CXX_LANGUAGE_STANDARD = "gnu++0x";
				CLANG_CXX_LIBRARY = "libc++";
				CLANG_ENABLE_MODULES = YES;
				CLANG_ENABLE_OBJC_ARC = YES;
				CLANG_WARN_BOOL_CONVERSION = YES;
				CLANG_WARN_CONSTANT_CONVERSION = YES;
				CLANG_WARN_DIRECT_OBJC_ISA_USAGE = YES_ERROR;
				CLANG_WARN_EMPTY_BODY = YES;
				CLANG_WARN_ENUM_CONVERSION = YES;
				CLANG_WARN_INT_CONVERSION = YES;
				CLANG_WARN_OBJC_ROOT_CLASS = YES_ERROR;
				CLANG_WARN_UNREACHABLE_CODE = YES;
				CLANG_WARN__DUPLICATE_METHOD_MATCH = YES;
				"CODE_SIGN_IDENTITY[sdk=iphoneos*]" = "iPhone Developer";
				COPY_PHASE_STRIP = NO;
				DEBUG_INFORMATION_FORMAT = dwarf;
				ENABLE_STRICT_OBJC_MSGSEND = YES;
				ENABLE_TESTABILITY = YES;
				GCC_C_LANGUAGE_STANDARD = gnu99;
				GCC_DYNAMIC_NO_PIC = NO;
				GCC_NO_COMMON_BLOCKS = YES;
				GCC_OPTIMIZATION_LEVEL = 0;
				GCC_PREPROCESSOR_DEFINITIONS = (
					"DEBUG=1",
					"$(inherited)",
				);
				GCC_WARN_64_TO_32_BIT_CONVERSION = YES;
				GCC_WARN_ABOUT_RETURN_TYPE = YES_ERROR;
				GCC_WARN_UNDECLARED_SELECTOR = YES;
				GCC_WARN_UNINITIALIZED_AUTOS = YES_AGGRESSIVE;
				GCC_WARN_UNUSED_FUNCTION = YES;
				GCC_WARN_UNUSED_VARIABLE = YES;
				IPHONEOS_DEPLOYMENT_TARGET = 9.3;
				MTL_ENABLE_DEBUG_INFO = YES;
				ONLY_ACTIVE_ARCH = YES;
				SDKROOT = iphoneos;
				SWIFT_OPTIMIZATION_LEVEL = "-Onone";
				TARGETED_DEVICE_FAMILY = "1,2";
			};
			name = Debug;
		};
		DD2FF13F1F2FE3B70083C8CC /* Release */ = {
			isa = XCBuildConfiguration;
			buildSettings = {
				ALWAYS_SEARCH_USER_PATHS = NO;
				CLANG_ANALYZER_NONNULL = YES;
				CLANG_CXX_LANGUAGE_STANDARD = "gnu++0x";
				CLANG_CXX_LIBRARY = "libc++";
				CLANG_ENABLE_MODULES = YES;
				CLANG_ENABLE_OBJC_ARC = YES;
				CLANG_WARN_BOOL_CONVERSION = YES;
				CLANG_WARN_CONSTANT_CONVERSION = YES;
				CLANG_WARN_DIRECT_OBJC_ISA_USAGE = YES_ERROR;
				CLANG_WARN_EMPTY_BODY = YES;
				CLANG_WARN_ENUM_CONVERSION = YES;
				CLANG_WARN_INT_CONVERSION = YES;
				CLANG_WARN_OBJC_ROOT_CLASS = YES_ERROR;
				CLANG_WARN_UNREACHABLE_CODE = YES;
				CLANG_WARN__DUPLICATE_METHOD_MATCH = YES;
				"CODE_SIGN_IDENTITY[sdk=iphoneos*]" = "iPhone Developer";
				COPY_PHASE_STRIP = NO;
				DEBUG_INFORMATION_FORMAT = "dwarf-with-dsym";
				ENABLE_NS_ASSERTIONS = NO;
				ENABLE_STRICT_OBJC_MSGSEND = YES;
				GCC_C_LANGUAGE_STANDARD = gnu99;
				GCC_NO_COMMON_BLOCKS = YES;
				GCC_WARN_64_TO_32_BIT_CONVERSION = YES;
				GCC_WARN_ABOUT_RETURN_TYPE = YES_ERROR;
				GCC_WARN_UNDECLARED_SELECTOR = YES;
				GCC_WARN_UNINITIALIZED_AUTOS = YES_AGGRESSIVE;
				GCC_WARN_UNUSED_FUNCTION = YES;
				GCC_WARN_UNUSED_VARIABLE = YES;
				IPHONEOS_DEPLOYMENT_TARGET = 9.3;
				MTL_ENABLE_DEBUG_INFO = NO;
				SDKROOT = iphoneos;
				TARGETED_DEVICE_FAMILY = "1,2";
				VALIDATE_PRODUCT = YES;
			};
			name = Release;
		};
		DD2FF1411F2FE3B70083C8CC /* Debug */ = {
			isa = XCBuildConfiguration;
			buildSettings = {
				ASSETCATALOG_COMPILER_APPICON_NAME = AppIcon;
				INFOPLIST_FILE = faceIt/Info.plist;
				LD_RUNPATH_SEARCH_PATHS = "$(inherited) @executable_path/Frameworks";
				PRODUCT_BUNDLE_IDENTIFIER = com.visvires.georgew.faceIt;
				PRODUCT_NAME = "$(TARGET_NAME)";
			};
			name = Debug;
		};
		DD2FF1421F2FE3B70083C8CC /* Release */ = {
			isa = XCBuildConfiguration;
			buildSettings = {
				ASSETCATALOG_COMPILER_APPICON_NAME = AppIcon;
				INFOPLIST_FILE = faceIt/Info.plist;
				LD_RUNPATH_SEARCH_PATHS = "$(inherited) @executable_path/Frameworks";
				PRODUCT_BUNDLE_IDENTIFIER = com.visvires.georgew.faceIt;
				PRODUCT_NAME = "$(TARGET_NAME)";
			};
			name = Release;
		};
/* End XCBuildConfiguration section */

/* Begin XCConfigurationList section */
		DD2FF1291F2FE3B70083C8CC /* Build configuration list for PBXProject "faceIt" */ = {
			isa = XCConfigurationList;
			buildConfigurations = (
				DD2FF13E1F2FE3B70083C8CC /* Debug */,
				DD2FF13F1F2FE3B70083C8CC /* Release */,
			);
			defaultConfigurationIsVisible = 0;
			defaultConfigurationName = Release;
		};
		DD2FF1401F2FE3B70083C8CC /* Build configuration list for PBXNativeTarget "faceIt" */ = {
			isa = XCConfigurationList;
			buildConfigurations = (
				DD2FF1411F2FE3B70083C8CC /* Debug */,
				DD2FF1421F2FE3B70083C8CC /* Release */,
			);
			defaultConfigurationIsVisible = 0;
			defaultConfigurationName = Release;
		};
/* End XCConfigurationList section */
	};
	rootObject = DD2FF1261F2FE3B70083C8CC /* Project object */;
}
